
Microsoft Visual Studio Solution File, Format Version 12.00
# Visual Studio Version 16
VisualStudioVersion = 16.0.35130.168
MinimumVisualStudioVersion = 10.0.40219.1
Project("{FAE04EC0-301F-11D3-BF4B-00C04F79EFBC}") = "Manejo de Sensor de Temperatura y Servo Motor", "Manejo de Sensor de Temperatura y Servo Motor\Manejo de Sensor de Temperatura y Servo Motor.csproj", "{1EA233E4-9B4B-4584-861C-97F5A184853C}"
EndProject
Global
	GlobalSection(SolutionConfigurationPlatforms) = preSolution
		Debug|Any CPU = Debug|Any CPU
		Release|Any CPU = Release|Any CPU
	EndGlobalSection
	GlobalSection(ProjectConfigurationPlatforms) = postSolution
		{1EA233E4-9B4B-4584-861C-97F5A184853C}.Debug|Any CPU.ActiveCfg = Debug|Any CPU
		{1EA233E4-9B4B-4584-861C-97F5A184853C}.Debug|Any CPU.Build.0 = Debug|Any CPU
		{1EA233E4-9B4B-4584-861C-97F5A184853C}.Release|Any CPU.ActiveCfg = Release|Any CPU
		{1EA233E4-9B4B-4584-861C-97F5A184853C}.Release|Any CPU.Build.0 = Release|Any CPU
	EndGlobalSection
	GlobalSection(SolutionProperties) = preSolution
		HideSolutionNode = FALSE
	EndGlobalSection
	GlobalSection(ExtensibilityGlobals) = postSolution
		SolutionGuid = {89C3A193-9F22-46E0-B308-C2D39F2691D0}
	EndGlobalSection
EndGlobal
